dependencies:
- name: mongodb-sharded
  repository: https://charts.bitnami.com/bitnami
  version: 4.0.3
- name: metavac-common
  repository: file://../metavac-common
  version: 0.1.0
digest: sha256:15146d63ede54b61b437b99c2b88c2820e3898e2d4c6e8acedecd5ab1837ea42
generated: "2022-02-13T23:45:36.5404341Z"
